{
  "nodes": {
    "flake-compat": {
      "flake": false,
      "locked": {
        "lastModified": 1747046372,
        "narHash": "sha256-CIVLLkVgvHYbgI2UpXvIIBJ12HWgX+fjA8Xf8PUmqCY=",
        "owner": "edolstra",
        "repo": "flake-compat",
        "rev": "9100a0f413b0c601e0533d1d94ffd501ce2e7885",
        "type": "github"
      },
      "original": {
        "owner": "edolstra",
        "repo": "flake-compat",
        "type": "github"
      }
    },
    "home-manager": {
      "inputs": {
        "nixpkgs": [
          "nixpkgs"
        ]
      },
      "locked": {
        "lastModified": 1773264496,
        "narHash": "sha256-uwFY0+UfaGEo6205ixeBjplZxHWr56UQef+MtmJ0PW0=",
        "owner": "nix-community",
        "repo": "home-manager",
        "rev": "32f78141a98098efed490842923b25ecb93b9b9f",
        "type": "github"
      },
      "original": {
        "owner": "nix-community",
        "repo": "home-manager",
        "type": "github"
      }
    },
    "nix-index": {
      "inputs": {
        "flake-compat": "flake-compat",
        "nixpkgs": "nixpkgs"
      },
      "locked": {
        "lastModified": 1771617986,
        "narHash": "sha256-Z9kKDCd6w7XxmjqqCI8wO9oNkWcSvL+bnUNFTzHN9EU=",
        "owner": "nix-community",
        "repo": "nix-index",
        "rev": "059454beac4b11efd4c613143933ea69427dc0c1",
        "type": "github"
      },
      "original": {
        "owner": "nix-community",
        "repo": "nix-index",
        "type": "github"
      }
    },
    "nixpkgs": {
      "locked": {
        "lastModified": 1751984180,
        "narHash": "sha256-LwWRsENAZJKUdD3SpLluwDmdXY9F45ZEgCb0X+xgOL0=",
        "owner": "NixOS",
        "repo": "nixpkgs",
        "rev": "9807714d6944a957c2e036f84b0ff8caf9930bc0",
        "type": "github"
      },
      "original": {
        "id": "nixpkgs",
        "ref": "nixos-unstable",
        "type": "indirect"
      }
    },
    "nixpkgs_2": {
      "locked": {
        "lastModified": 1772963539,
        "narHash": "sha256-9jVDGZnvCckTGdYT53d/EfznygLskyLQXYwJLKMPsZs=",
        "owner": "NixOS",
        "repo": "nixpkgs",
        "rev": "9dcb002ca1690658be4a04645215baea8b95f31d",
        "type": "github"
      },
      "original": {
        "owner": "NixOS",
        "ref": "nixos-unstable",
        "repo": "nixpkgs",
        "type": "github"
      }
    },
    "rofi-themes": {
      "flake": false,
      "locked": {
        "lastModified": 1770172600,
        "narHash": "sha256-gYQ8Ajsf0taIC98e2YhmB1FzyZAa2viVJBPzevAfa/k=",
        "owner": "Nailington",
        "repo": "rofi",
        "rev": "618882be4a501113f3c9828944294561fe9e6ed7",
        "type": "github"
      },
      "original": {
        "owner": "Nailington",
        "repo": "rofi",
        "type": "github"
      }
    },
    "root": {
      "inputs": {
        "home-manager": "home-manager",
        "nix-index": "nix-index",
        "nixpkgs": "nixpkgs_2",
        "rofi-themes": "rofi-themes"
      }
    }
  },
  "root": "root",
  "version": 7
}
